
Microsoft Visual Studio Solution File, Format Version 12.00
Project("{FAE04EC0-301F-11D3-BF4B-00C04F79EFBC}") = "ScytheBuild", "Application\ScytheBuild.csproj", "{8CAB46DE-EC6B-4EE4-B88D-39618EDEE27A}"
EndProject
Project("{FAE04EC0-301F-11D3-BF4B-00C04F79EFBC}") = "Samples", "Samples\Samples.csproj", "{55907F9D-D4AF-4F5A-A53C-335AB4149C84}"
EndProject
Global
	GlobalSection(SolutionConfigurationPlatforms) = preSolution
		Debug|Any CPU = Debug|Any CPU
		Release|Any CPU = Release|Any CPU
	EndGlobalSection
	GlobalSection(ProjectConfigurationPlatforms) = postSolution
		{8CAB46DE-EC6B-4EE4-B88D-39618EDEE27A}.Debug|Any CPU.ActiveCfg = Debug|Any CPU
		{8CAB46DE-EC6B-4EE4-B88D-39618EDEE27A}.Debug|Any CPU.Build.0 = Debug|Any CPU
		{8CAB46DE-EC6B-4EE4-B88D-39618EDEE27A}.Release|Any CPU.ActiveCfg = Release|Any CPU
		{8CAB46DE-EC6B-4EE4-B88D-39618EDEE27A}.Release|Any CPU.Build.0 = Release|Any CPU
		{55907F9D-D4AF-4F5A-A53C-335AB4149C84}.Debug|Any CPU.ActiveCfg = Debug|Any CPU
		{55907F9D-D4AF-4F5A-A53C-335AB4149C84}.Debug|Any CPU.Build.0 = Debug|Any CPU
		{55907F9D-D4AF-4F5A-A53C-335AB4149C84}.Release|Any CPU.ActiveCfg = Release|Any CPU
		{55907F9D-D4AF-4F5A-A53C-335AB4149C84}.Release|Any CPU.Build.0 = Release|Any CPU
	EndGlobalSection
EndGlobal
